
Microsoft Visual Studio Solution File, Format Version 12.00
# Visual Studio Version 16
VisualStudioVersion = 16.0.30907.101
MinimumVisualStudioVersion = 10.0.40219.1
Project("{8BC9CEB8-8B4A-11D0-8D11-00A0C91BC942}") = "Ex3", "Ex3\Ex3.vcxproj", "{EDEE77C5-34F3-4E11-B1D0-D717363DFA16}"
EndProject
Global
	GlobalSection(SolutionConfigurationPlatforms) = preSolution
		Debug|x64 = Debug|x64
		Release|x64 = Release|x64
	EndGlobalSection
	GlobalSection(ProjectConfigurationPlatforms) = postSolution
		{EDEE77C5-34F3-4E11-B1D0-D717363DFA16}.Debug|x64.ActiveCfg = Debug|x64
		{EDEE77C5-34F3-4E11-B1D0-D717363DFA16}.Debug|x64.Build.0 = Debug|x64
		{EDEE77C5-34F3-4E11-B1D0-D717363DFA16}.Release|x64.ActiveCfg = Release|x64
		{EDEE77C5-34F3-4E11-B1D0-D717363DFA16}.Release|x64.Build.0 = Release|x64
	EndGlobalSection
	GlobalSection(SolutionProperties) = preSolution
		HideSolutionNode = FALSE
	EndGlobalSection
	GlobalSection(ExtensibilityGlobals) = postSolution
		SolutionGuid = {C2338F57-FC55-490A-8DFC-8653FEF93EC3}
	EndGlobalSection
EndGlobal
